
Microsoft Visual Studio Solution File, Format Version 12.00
# Visual Studio 15
VisualStudioVersion = 15.0.28010.2003
MinimumVisualStudioVersion = 10.0.40219.1
Project("{FAE04EC0-301F-11D3-BF4B-00C04F79EFBC}") = "LuckyCharmer", "LuckyCharmer\LuckyCharmer.csproj", "{2A43F323-E193-4233-9874-032BE2DF3055}"
EndProject
Project("{FAE04EC0-301F-11D3-BF4B-00C04F79EFBC}") = "MyClasses", "MyClasses\MyClasses.csproj", "{41C8EE55-AE1A-47EA-80D9-75B503FC0FBE}"
EndProject
Global
	GlobalSection(SolutionConfigurationPlatforms) = preSolution
		Debug|Any CPU = Debug|Any CPU
		Release|Any CPU = Release|Any CPU
	EndGlobalSection
	GlobalSection(ProjectConfigurationPlatforms) = postSolution
		{2A43F323-E193-4233-9874-032BE2DF3055}.Debug|Any CPU.ActiveCfg = Debug|Any CPU
		{2A43F323-E193-4233-9874-032BE2DF3055}.Debug|Any CPU.Build.0 = Debug|Any CPU
		{2A43F323-E193-4233-9874-032BE2DF3055}.Release|Any CPU.ActiveCfg = Release|Any CPU
		{2A43F323-E193-4233-9874-032BE2DF3055}.Release|Any CPU.Build.0 = Release|Any CPU
		{41C8EE55-AE1A-47EA-80D9-75B503FC0FBE}.Debug|Any CPU.ActiveCfg = Debug|Any CPU
		{41C8EE55-AE1A-47EA-80D9-75B503FC0FBE}.Debug|Any CPU.Build.0 = Debug|Any CPU
		{41C8EE55-AE1A-47EA-80D9-75B503FC0FBE}.Release|Any CPU.ActiveCfg = Release|Any CPU
		{41C8EE55-AE1A-47EA-80D9-75B503FC0FBE}.Release|Any CPU.Build.0 = Release|Any CPU
	EndGlobalSection
	GlobalSection(SolutionProperties) = preSolution
		HideSolutionNode = FALSE
	EndGlobalSection
	GlobalSection(ExtensibilityGlobals) = postSolution
		SolutionGuid = {A776FC01-FCC0-4D8F-919D-9DD3DAA9990E}
	EndGlobalSection
EndGlobal
